name: Remove Whitelisted Entries from Blocklists
#on:
#  schedule:
#    - cron: '0 */6 * * *'  # Runs daily at 4 AM UTC
#  workflow_dispatch:  # Allows manual trigger
on:
  schedule:
    - cron: '0 */1 * * *'  # Runs daily at 4 AM UTC
  push:
    paths:
      - 'domainlist/malicious/malicious_domains.txt'
      - 'domainlist/ads/advtracking_domains.txt'
      - 'domainlist/spam/spamscamabuse_domains.txt'
  workflow_dispatch:  # Allows manual trigger

permissions:
  contents: write  # Required to commit changes
  actions: read    # Needed for artifact operations

jobs:
  build:
    runs-on: ubuntu-latest
    steps:
      - name: Checkout repository
        uses: actions/checkout@v3
      - name: Set up Python 3.10
        uses: actions/setup-python@v3
        with:
          python-version: "3.10"
      - name: Install dependencies
        run: |
          python -m pip install --upgrade pip
          if [ -f script/requirements.txt ]; then pip install -r script/requirements.txt; fi
      
      - name: Run Python script
        run: |
          python script/update_blocklists.py

      - name: Commit and Push Changes
        run: |
          git config --global user.name "GitHub Actions"
          git config --global user.email "actions@github.com"
          git add domainlist/malicious/malicious_domains.txt
          git add domainlist/ads/advtracking_domains.txt
          git add domainlist/spam/spamscamabuse_domains.txt
          git add permanent_DomainList.txt
          if git diff-index --quiet HEAD; then
            echo "⚡ No new changes to commit"
          else
            git commit -m "Auto-update Domain Feed - $(date '+%Y-%m-%d %H:%M:%S')"
            git push
          fi
        
